
Microsoft Visual Studio Solution File, Format Version 12.00
# Visual Studio Version 16
VisualStudioVersion = 25.0.1703.2
MinimumVisualStudioVersion = 10.0.40219.1
Project("{FAE04EC0-301F-11D3-BF4B-00C04F79EFBC}") = "appbuscar", "appbuscar.csproj", "{999CC2B0-A355-4083-B8A5-58FF75BE3830}"
EndProject
Global
	GlobalSection(SolutionConfigurationPlatforms) = preSolution
		Debug|Any CPU = Debug|Any CPU
		Release|Any CPU = Release|Any CPU
	EndGlobalSection
	GlobalSection(ProjectConfigurationPlatforms) = postSolution
		{999CC2B0-A355-4083-B8A5-58FF75BE3830}.Debug|Any CPU.ActiveCfg = Debug|Any CPU
		{999CC2B0-A355-4083-B8A5-58FF75BE3830}.Debug|Any CPU.Build.0 = Debug|Any CPU
		{999CC2B0-A355-4083-B8A5-58FF75BE3830}.Release|Any CPU.ActiveCfg = Release|Any CPU
		{999CC2B0-A355-4083-B8A5-58FF75BE3830}.Release|Any CPU.Build.0 = Release|Any CPU
	EndGlobalSection
	GlobalSection(SolutionProperties) = preSolution
		HideSolutionNode = FALSE
	EndGlobalSection
	GlobalSection(ExtensibilityGlobals) = postSolution
		SolutionGuid = {6CB7EB8A-A1B0-4927-9202-2EB71B59D817}
	EndGlobalSection
EndGlobal
